
Microsoft Visual Studio Solution File, Format Version 12.00
# Visual Studio Version 17
VisualStudioVersion = 17.8.34309.116
MinimumVisualStudioVersion = 10.0.40219.1
Project("{FAE04EC0-301F-11D3-BF4B-00C04F79EFBC}") = "AnimalSounds", "AnimalSounds.csproj", "{5A03AB18-8C58-4F21-9393-7E03553A78BF}"
EndProject
Global
	GlobalSection(SolutionConfigurationPlatforms) = preSolution
		Debug|Any CPU = Debug|Any CPU
		Release|Any CPU = Release|Any CPU
	EndGlobalSection
	GlobalSection(ProjectConfigurationPlatforms) = postSolution
		{5A03AB18-8C58-4F21-9393-7E03553A78BF}.Debug|Any CPU.ActiveCfg = Debug|Any CPU
		{5A03AB18-8C58-4F21-9393-7E03553A78BF}.Debug|Any CPU.Build.0 = Debug|Any CPU
		{5A03AB18-8C58-4F21-9393-7E03553A78BF}.Release|Any CPU.ActiveCfg = Release|Any CPU
		{5A03AB18-8C58-4F21-9393-7E03553A78BF}.Release|Any CPU.Build.0 = Release|Any CPU
	EndGlobalSection
	GlobalSection(SolutionProperties) = preSolution
		HideSolutionNode = FALSE
	EndGlobalSection
	GlobalSection(ExtensibilityGlobals) = postSolution
		SolutionGuid = {63D68681-5B43-467B-8355-490997EE1F34}
	EndGlobalSection
EndGlobal
